
Microsoft Visual Studio Solution File, Format Version 12.00
# Visual Studio 15
VisualStudioVersion = 15.0.28010.2036
MinimumVisualStudioVersion = 10.0.40219.1
Project("{FAE04EC0-301F-11D3-BF4B-00C04F79EFBC}") = "getapp_import", "getapp_import\getapp_import.csproj", "{BC62F491-81E7-476C-854A-F49EDABA87D9}"
EndProject
Project("{9A19103F-16F7-4668-BE54-9A1E7A4F7556}") = "ProductImporter", "ProductImporter\ProductImporter.csproj", "{9C2CDE50-C875-42E1-9EC3-891628442F2A}"
EndProject
Project("{FAE04EC0-301F-11D3-BF4B-00C04F79EFBC}") = "TestProductImporter", "TestProductImporter\TestProductImporter.csproj", "{24935769-D91B-452E-B031-F7B4AAA8D573}"
EndProject
Global
	GlobalSection(SolutionConfigurationPlatforms) = preSolution
		Debug|Any CPU = Debug|Any CPU
		Release|Any CPU = Release|Any CPU
	EndGlobalSection
	GlobalSection(ProjectConfigurationPlatforms) = postSolution
		{BC62F491-81E7-476C-854A-F49EDABA87D9}.Debug|Any CPU.ActiveCfg = Debug|Any CPU
		{BC62F491-81E7-476C-854A-F49EDABA87D9}.Debug|Any CPU.Build.0 = Debug|Any CPU
		{BC62F491-81E7-476C-854A-F49EDABA87D9}.Release|Any CPU.ActiveCfg = Release|Any CPU
		{BC62F491-81E7-476C-854A-F49EDABA87D9}.Release|Any CPU.Build.0 = Release|Any CPU
		{9C2CDE50-C875-42E1-9EC3-891628442F2A}.Debug|Any CPU.ActiveCfg = Debug|Any CPU
		{9C2CDE50-C875-42E1-9EC3-891628442F2A}.Debug|Any CPU.Build.0 = Debug|Any CPU
		{9C2CDE50-C875-42E1-9EC3-891628442F2A}.Release|Any CPU.ActiveCfg = Release|Any CPU
		{9C2CDE50-C875-42E1-9EC3-891628442F2A}.Release|Any CPU.Build.0 = Release|Any CPU
		{24935769-D91B-452E-B031-F7B4AAA8D573}.Debug|Any CPU.ActiveCfg = Debug|Any CPU
		{24935769-D91B-452E-B031-F7B4AAA8D573}.Debug|Any CPU.Build.0 = Debug|Any CPU
		{24935769-D91B-452E-B031-F7B4AAA8D573}.Release|Any CPU.ActiveCfg = Release|Any CPU
		{24935769-D91B-452E-B031-F7B4AAA8D573}.Release|Any CPU.Build.0 = Release|Any CPU
	EndGlobalSection
	GlobalSection(SolutionProperties) = preSolution
		HideSolutionNode = FALSE
	EndGlobalSection
	GlobalSection(ExtensibilityGlobals) = postSolution
		SolutionGuid = {BC09B4F3-AE69-48D7-8507-AD20106A9FB3}
	EndGlobalSection
EndGlobal
